<?xml version="1.0" encoding="utf-8"?>
<Project ToolsVersion="4.0" xmlns="http://schemas.microsoft.com/developer/msbuild/2003">
  <ItemGroup>
    <ClInclude Include="common.h" />
    <ClInclude Include="Classes\directx.h">
      <Filter>Classes</Filter>
    </ClInclude>
    <ClInclude Include="Classes\input.h">
      <Filter>Classes</Filter>
    </ClInclude>
    <ClInclude Include="Classes\dx11_frame.h">
      <Filter>Classes</Filter>
    </ClInclude>
    <ClInclude Include="Classes\timer.h">
      <Filter>Classes</Filter>
    </ClInclude>
    <ClInclude Include="Classes\win32.h">
      <Filter>Classes</Filter>
    </ClInclude>
    <ClInclude Include="Interfaces\i_cleanupable.h">
      <Filter>Interfaces</Filter>
    </ClInclude>
    <ClInclude Include="Interfaces\i_entity.h">
      <Filter>Interfaces</Filter>
    </ClInclude>
    <ClInclude Include="Interfaces\i_initializable.h">
      <Filter>Interfaces</Filter>
    </ClInclude>
    <ClInclude Include="Interfaces\i_renderable.h">
      <Filter>Interfaces</Filter>
    </ClInclude>
    <ClInclude Include="Interfaces\i_updateable.h">
      <Filter>Interfaces</Filter>
    </ClInclude>
    <ClInclude Include="rng.h" />
  </ItemGroup>
  <ItemGroup>
    <ClCompile Include="Classes\directx.cpp">
      <Filter>Classes</Filter>
    </ClCompile>
    <ClCompile Include="Classes\input.cpp">
      <Filter>Classes</Filter>
    </ClCompile>
    <ClCompile Include="Classes\dx11_frame.cpp">
      <Filter>Classes</Filter>
    </ClCompile>
    <ClCompile Include="Classes\timer.cpp">
      <Filter>Classes</Filter>
    </ClCompile>
    <ClCompile Include="Classes\win32.cpp">
      <Filter>Classes</Filter>
    </ClCompile>
  </ItemGroup>
  <ItemGroup>
    <Filter Include="Classes">
      <UniqueIdentifier>{ef69ad6a-6d37-4dbc-a98f-9e27513af936}</UniqueIdentifier>
    </Filter>
    <Filter Include="Interfaces">
      <UniqueIdentifier>{9c63c96e-4f02-4506-a85d-1c0fde09eec3}</UniqueIdentifier>
    </Filter>
  </ItemGroup>
</Project>